{
  "nodes": {
    "community-templates": {
      "locked": {
        "lastModified": 1713053181,
        "narHash": "sha256-5M5vLZbiwyY4IUmU5hdGlbg8RVybiYe8Mnd1/QWRiHA=",
        "owner": "nix-community",
        "repo": "templates",
        "rev": "0531d2db890e120cf994c23b6c2ea65059df9b07",
        "type": "github"
      },
      "original": {
        "owner": "nix-community",
        "repo": "templates",
        "type": "github"
      }
    },
    "nixos-templates": {
      "locked": {
        "lastModified": 1712660171,
        "narHash": "sha256-VEBWAf0RRoTu5zCQgivoEHW0kUJEbGndp9jaz4XWa4k=",
        "owner": "NixOS",
        "repo": "templates",
        "rev": "c57ac1ea60ef97bdce2f13e12b849f0ca5eaffe9",
        "type": "github"
      },
      "original": {
        "owner": "NixOS",
        "repo": "templates",
        "type": "github"
      }
    },
    "nixpkgs": {
      "locked": {
        "lastModified": 1718717462,
        "narHash": "sha256-qddfQLMaWR2gxfEzUM/zFZVK6H1kTv9WBQSBQxbP3MU=",
        "owner": "NixOS",
        "repo": "nixpkgs",
        "rev": "938aa157bbd6e3c6fd7dcb77998b1f92c2ad1631",
        "type": "github"
      },
      "original": {
        "owner": "NixOS",
        "ref": "nixos-24.05",
        "repo": "nixpkgs",
        "type": "github"
      }
    },
    "root": {
      "inputs": {
        "community-templates": "community-templates",
        "nixos-templates": "nixos-templates",
        "nixpkgs": "nixpkgs"
      }
    }
  },
  "root": "root",
  "version": 7
}
